
Microsoft Visual Studio Solution File, Format Version 12.00
# Visual Studio Version 16
VisualStudioVersion = 16.0.32602.291
MinimumVisualStudioVersion = 10.0.40219.1
Project("{FAE04EC0-301F-11D3-BF4B-00C04F79EFBC}") = "openGPS_IpPingScan", "openGPS_IpPingScan\openGPS_IpPingScan.csproj", "{723DB312-12DE-4447-8B21-2237F0A9F9C7}"
EndProject
Global
	GlobalSection(SolutionConfigurationPlatforms) = preSolution
		Debug|Any CPU = Debug|Any CPU
		Release|Any CPU = Release|Any CPU
	EndGlobalSection
	GlobalSection(ProjectConfigurationPlatforms) = postSolution
		{723DB312-12DE-4447-8B21-2237F0A9F9C7}.Debug|Any CPU.ActiveCfg = Debug|Any CPU
		{723DB312-12DE-4447-8B21-2237F0A9F9C7}.Debug|Any CPU.Build.0 = Debug|Any CPU
		{723DB312-12DE-4447-8B21-2237F0A9F9C7}.Release|Any CPU.ActiveCfg = Release|Any CPU
		{723DB312-12DE-4447-8B21-2237F0A9F9C7}.Release|Any CPU.Build.0 = Release|Any CPU
	EndGlobalSection
	GlobalSection(SolutionProperties) = preSolution
		HideSolutionNode = FALSE
	EndGlobalSection
	GlobalSection(ExtensibilityGlobals) = postSolution
		SolutionGuid = {D3AE461D-32F0-46A5-A1E7-111F38BC5BE7}
	EndGlobalSection
EndGlobal
